
Microsoft Visual Studio Solution File, Format Version 12.00
# Visual Studio 2013
VisualStudioVersion = 12.0.30110.0
MinimumVisualStudioVersion = 10.0.40219.1
Project("{FAE04EC0-301F-11D3-BF4B-00C04F79EFBC}") = "MvcWeb", "MvcWeb\MvcWeb.csproj", "{40B2BE56-6826-43EE-8F3E-300876C75867}"
EndProject
Project("{FAE04EC0-301F-11D3-BF4B-00C04F79EFBC}") = "WebTest", "UnitTestProject1\WebTest.csproj", "{96FE5D63-CE3A-4209-9821-B75F8F160A1D}"
EndProject
Project("{FAE04EC0-301F-11D3-BF4B-00C04F79EFBC}") = "DynamicPages", "DynamicPages\DynamicPages.csproj", "{F8A0DC47-C106-47F5-B8C9-B399E419CF4D}"
EndProject
Global
	GlobalSection(SolutionConfigurationPlatforms) = preSolution
		Debug|Any CPU = Debug|Any CPU
		Release|Any CPU = Release|Any CPU
	EndGlobalSection
	GlobalSection(ProjectConfigurationPlatforms) = postSolution
		{40B2BE56-6826-43EE-8F3E-300876C75867}.Debug|Any CPU.ActiveCfg = Debug|Any CPU
		{40B2BE56-6826-43EE-8F3E-300876C75867}.Debug|Any CPU.Build.0 = Debug|Any CPU
		{40B2BE56-6826-43EE-8F3E-300876C75867}.Release|Any CPU.ActiveCfg = Release|Any CPU
		{40B2BE56-6826-43EE-8F3E-300876C75867}.Release|Any CPU.Build.0 = Release|Any CPU
		{96FE5D63-CE3A-4209-9821-B75F8F160A1D}.Debug|Any CPU.ActiveCfg = Debug|Any CPU
		{96FE5D63-CE3A-4209-9821-B75F8F160A1D}.Debug|Any CPU.Build.0 = Debug|Any CPU
		{96FE5D63-CE3A-4209-9821-B75F8F160A1D}.Release|Any CPU.ActiveCfg = Release|Any CPU
		{96FE5D63-CE3A-4209-9821-B75F8F160A1D}.Release|Any CPU.Build.0 = Release|Any CPU
		{F8A0DC47-C106-47F5-B8C9-B399E419CF4D}.Debug|Any CPU.ActiveCfg = Debug|Any CPU
		{F8A0DC47-C106-47F5-B8C9-B399E419CF4D}.Debug|Any CPU.Build.0 = Debug|Any CPU
		{F8A0DC47-C106-47F5-B8C9-B399E419CF4D}.Release|Any CPU.ActiveCfg = Release|Any CPU
		{F8A0DC47-C106-47F5-B8C9-B399E419CF4D}.Release|Any CPU.Build.0 = Release|Any CPU
	EndGlobalSection
	GlobalSection(SolutionProperties) = preSolution
		HideSolutionNode = FALSE
	EndGlobalSection
EndGlobal
